
Microsoft Visual Studio Solution File, Format Version 12.00
# Visual Studio Version 17
VisualStudioVersion = 17.9.34723.18
MinimumVisualStudioVersion = 10.0.40219.1
Project("{FAE04EC0-301F-11D3-BF4B-00C04F79EFBC}") = "Lab 4", "Lab 4\Lab 4.csproj", "{EA247B2F-1F29-4023-8611-BC0786643423}"
EndProject
Global
	GlobalSection(SolutionConfigurationPlatforms) = preSolution
		Debug|Any CPU = Debug|Any CPU
		Release|Any CPU = Release|Any CPU
	EndGlobalSection
	GlobalSection(ProjectConfigurationPlatforms) = postSolution
		{EA247B2F-1F29-4023-8611-BC0786643423}.Debug|Any CPU.ActiveCfg = Debug|Any CPU
		{EA247B2F-1F29-4023-8611-BC0786643423}.Debug|Any CPU.Build.0 = Debug|Any CPU
		{EA247B2F-1F29-4023-8611-BC0786643423}.Release|Any CPU.ActiveCfg = Release|Any CPU
		{EA247B2F-1F29-4023-8611-BC0786643423}.Release|Any CPU.Build.0 = Release|Any CPU
	EndGlobalSection
	GlobalSection(SolutionProperties) = preSolution
		HideSolutionNode = FALSE
	EndGlobalSection
	GlobalSection(ExtensibilityGlobals) = postSolution
		SolutionGuid = {8B2B951B-561E-4A3B-B00F-85E0A9ED50AC}
	EndGlobalSection
EndGlobal
